
Microsoft Visual Studio Solution File, Format Version 12.00
Project("{2150E333-8FDC-42A3-9474-1A3956D46DE8}") = "Products", "Products", "{D9F7A96F-B8CA-45E4-BED2-66DA2D841C27}"
EndProject
Project("{2150E333-8FDC-42A3-9474-1A3956D46DE8}") = "Common", "Common", "{93C5B223-8D19-4D2F-B217-4E3226F6E135}"
EndProject
Project("{FAE04EC0-301F-11D3-BF4B-00C04F79EFBC}") = "Common.Application", "Common\Common.Application\Common.Application.csproj", "{26840F2F-9538-486E-9588-71E7BED381F7}"
EndProject
Project("{FAE04EC0-301F-11D3-BF4B-00C04F79EFBC}") = "Common.Infrastructure", "Common\Common.Infrastructure\Common.Infrastructure.csproj", "{DA5C31B4-7E71-449E-A287-BC169598A532}"
EndProject
Project("{FAE04EC0-301F-11D3-BF4B-00C04F79EFBC}") = "Common.Web", "Common\Common.Web\Common.Web.csproj", "{F3A93713-190C-42A4-AB8B-FBD4CDBA65ED}"
EndProject
Project("{FAE04EC0-301F-11D3-BF4B-00C04F79EFBC}") = "Common.Domain", "Common\Common.Domain\Common.Domain.csproj", "{39072001-95B7-436C-8516-2C529DF73E9E}"
EndProject
Project("{FAE04EC0-301F-11D3-BF4B-00C04F79EFBC}") = "Products.Domain", "Products\Products.Domain\Products.Domain.csproj", "{9342882B-3D9F-4E25-83AB-9522444B85AA}"
EndProject
Project("{FAE04EC0-301F-11D3-BF4B-00C04F79EFBC}") = "Products.Application", "Products\Products.Application\Products.Application.csproj", "{1DE037BB-C957-4760-B707-509BE7AF9F72}"
EndProject
Project("{FAE04EC0-301F-11D3-BF4B-00C04F79EFBC}") = "Products.Web", "Products\Products.Web\Products.Web.csproj", "{7C9BF631-0086-4A3B-8888-A24A89E26734}"
EndProject
Project("{FAE04EC0-301F-11D3-BF4B-00C04F79EFBC}") = "Products.Infrastructure", "Products\Products.Infrastructure\Products.Infrastructure.csproj", "{72B680F2-0573-459D-8196-DAC5D271FE78}"
EndProject
Project("{2150E333-8FDC-42A3-9474-1A3956D46DE8}") = "OrderManagement", "OrderManagement", "{5E77AFD0-7647-41F5-B615-7FD05C058310}"
EndProject
Project("{FAE04EC0-301F-11D3-BF4B-00C04F79EFBC}") = "OrderManagement.Domain", "OrderManagement\OrderManagement.Domain\OrderManagement.Domain.csproj", "{D790E42B-890E-4D90-9CA1-3971D52D9256}"
EndProject
Project("{FAE04EC0-301F-11D3-BF4B-00C04F79EFBC}") = "OrderManagement.Web", "OrderManagement\OrderManagement.Web\OrderManagement.Web.csproj", "{BE51DB57-B6D6-4DFB-A98B-C3D1267FE79A}"
EndProject
Project("{FAE04EC0-301F-11D3-BF4B-00C04F79EFBC}") = "OrderManagement.Infrastructure", "OrderManagement\OrderManagement.Infrastructure\OrderManagement.Infrastructure.csproj", "{C3FE9D3A-27A1-411C-8A28-254A84A0E760}"
EndProject
Project("{FAE04EC0-301F-11D3-BF4B-00C04F79EFBC}") = "OrderManagement.Application", "OrderManagement\OrderManagement.Application\OrderManagement.Application.csproj", "{AE4E2B3E-EF37-4D70-B7EA-2D03F3577392}"
EndProject
Project("{FAE04EC0-301F-11D3-BF4B-00C04F79EFBC}") = "OnlineStoreStartup", "OnlineStoreStartup\OnlineStoreStartup.csproj", "{D0C1A259-EEED-4A96-A229-06C840BEF564}"
EndProject
Global
	GlobalSection(SolutionConfigurationPlatforms) = preSolution
		Debug|Any CPU = Debug|Any CPU
		Release|Any CPU = Release|Any CPU
	EndGlobalSection
	GlobalSection(ProjectConfigurationPlatforms) = postSolution
		{26840F2F-9538-486E-9588-71E7BED381F7}.Debug|Any CPU.ActiveCfg = Debug|Any CPU
		{26840F2F-9538-486E-9588-71E7BED381F7}.Debug|Any CPU.Build.0 = Debug|Any CPU
		{26840F2F-9538-486E-9588-71E7BED381F7}.Release|Any CPU.ActiveCfg = Release|Any CPU
		{26840F2F-9538-486E-9588-71E7BED381F7}.Release|Any CPU.Build.0 = Release|Any CPU
		{DA5C31B4-7E71-449E-A287-BC169598A532}.Debug|Any CPU.ActiveCfg = Debug|Any CPU
		{DA5C31B4-7E71-449E-A287-BC169598A532}.Debug|Any CPU.Build.0 = Debug|Any CPU
		{DA5C31B4-7E71-449E-A287-BC169598A532}.Release|Any CPU.ActiveCfg = Release|Any CPU
		{DA5C31B4-7E71-449E-A287-BC169598A532}.Release|Any CPU.Build.0 = Release|Any CPU
		{F3A93713-190C-42A4-AB8B-FBD4CDBA65ED}.Debug|Any CPU.ActiveCfg = Debug|Any CPU
		{F3A93713-190C-42A4-AB8B-FBD4CDBA65ED}.Debug|Any CPU.Build.0 = Debug|Any CPU
		{F3A93713-190C-42A4-AB8B-FBD4CDBA65ED}.Release|Any CPU.ActiveCfg = Release|Any CPU
		{F3A93713-190C-42A4-AB8B-FBD4CDBA65ED}.Release|Any CPU.Build.0 = Release|Any CPU
		{39072001-95B7-436C-8516-2C529DF73E9E}.Debug|Any CPU.ActiveCfg = Debug|Any CPU
		{39072001-95B7-436C-8516-2C529DF73E9E}.Debug|Any CPU.Build.0 = Debug|Any CPU
		{39072001-95B7-436C-8516-2C529DF73E9E}.Release|Any CPU.ActiveCfg = Release|Any CPU
		{39072001-95B7-436C-8516-2C529DF73E9E}.Release|Any CPU.Build.0 = Release|Any CPU
		{9342882B-3D9F-4E25-83AB-9522444B85AA}.Debug|Any CPU.ActiveCfg = Debug|Any CPU
		{9342882B-3D9F-4E25-83AB-9522444B85AA}.Debug|Any CPU.Build.0 = Debug|Any CPU
		{9342882B-3D9F-4E25-83AB-9522444B85AA}.Release|Any CPU.ActiveCfg = Release|Any CPU
		{9342882B-3D9F-4E25-83AB-9522444B85AA}.Release|Any CPU.Build.0 = Release|Any CPU
		{1DE037BB-C957-4760-B707-509BE7AF9F72}.Debug|Any CPU.ActiveCfg = Debug|Any CPU
		{1DE037BB-C957-4760-B707-509BE7AF9F72}.Debug|Any CPU.Build.0 = Debug|Any CPU
		{1DE037BB-C957-4760-B707-509BE7AF9F72}.Release|Any CPU.ActiveCfg = Release|Any CPU
		{1DE037BB-C957-4760-B707-509BE7AF9F72}.Release|Any CPU.Build.0 = Release|Any CPU
		{7C9BF631-0086-4A3B-8888-A24A89E26734}.Debug|Any CPU.ActiveCfg = Debug|Any CPU
		{7C9BF631-0086-4A3B-8888-A24A89E26734}.Debug|Any CPU.Build.0 = Debug|Any CPU
		{7C9BF631-0086-4A3B-8888-A24A89E26734}.Release|Any CPU.ActiveCfg = Release|Any CPU
		{7C9BF631-0086-4A3B-8888-A24A89E26734}.Release|Any CPU.Build.0 = Release|Any CPU
		{72B680F2-0573-459D-8196-DAC5D271FE78}.Debug|Any CPU.ActiveCfg = Debug|Any CPU
		{72B680F2-0573-459D-8196-DAC5D271FE78}.Debug|Any CPU.Build.0 = Debug|Any CPU
		{72B680F2-0573-459D-8196-DAC5D271FE78}.Release|Any CPU.ActiveCfg = Release|Any CPU
		{72B680F2-0573-459D-8196-DAC5D271FE78}.Release|Any CPU.Build.0 = Release|Any CPU
		{D790E42B-890E-4D90-9CA1-3971D52D9256}.Debug|Any CPU.ActiveCfg = Debug|Any CPU
		{D790E42B-890E-4D90-9CA1-3971D52D9256}.Debug|Any CPU.Build.0 = Debug|Any CPU
		{D790E42B-890E-4D90-9CA1-3971D52D9256}.Release|Any CPU.ActiveCfg = Release|Any CPU
		{D790E42B-890E-4D90-9CA1-3971D52D9256}.Release|Any CPU.Build.0 = Release|Any CPU
		{BE51DB57-B6D6-4DFB-A98B-C3D1267FE79A}.Debug|Any CPU.ActiveCfg = Debug|Any CPU
		{BE51DB57-B6D6-4DFB-A98B-C3D1267FE79A}.Debug|Any CPU.Build.0 = Debug|Any CPU
		{BE51DB57-B6D6-4DFB-A98B-C3D1267FE79A}.Release|Any CPU.ActiveCfg = Release|Any CPU
		{BE51DB57-B6D6-4DFB-A98B-C3D1267FE79A}.Release|Any CPU.Build.0 = Release|Any CPU
		{C3FE9D3A-27A1-411C-8A28-254A84A0E760}.Debug|Any CPU.ActiveCfg = Debug|Any CPU
		{C3FE9D3A-27A1-411C-8A28-254A84A0E760}.Debug|Any CPU.Build.0 = Debug|Any CPU
		{C3FE9D3A-27A1-411C-8A28-254A84A0E760}.Release|Any CPU.ActiveCfg = Release|Any CPU
		{C3FE9D3A-27A1-411C-8A28-254A84A0E760}.Release|Any CPU.Build.0 = Release|Any CPU
		{AE4E2B3E-EF37-4D70-B7EA-2D03F3577392}.Debug|Any CPU.ActiveCfg = Debug|Any CPU
		{AE4E2B3E-EF37-4D70-B7EA-2D03F3577392}.Debug|Any CPU.Build.0 = Debug|Any CPU
		{AE4E2B3E-EF37-4D70-B7EA-2D03F3577392}.Release|Any CPU.ActiveCfg = Release|Any CPU
		{AE4E2B3E-EF37-4D70-B7EA-2D03F3577392}.Release|Any CPU.Build.0 = Release|Any CPU
		{D0C1A259-EEED-4A96-A229-06C840BEF564}.Debug|Any CPU.ActiveCfg = Debug|Any CPU
		{D0C1A259-EEED-4A96-A229-06C840BEF564}.Debug|Any CPU.Build.0 = Debug|Any CPU
		{D0C1A259-EEED-4A96-A229-06C840BEF564}.Release|Any CPU.ActiveCfg = Release|Any CPU
		{D0C1A259-EEED-4A96-A229-06C840BEF564}.Release|Any CPU.Build.0 = Release|Any CPU
	EndGlobalSection
	GlobalSection(NestedProjects) = preSolution
		{26840F2F-9538-486E-9588-71E7BED381F7} = {93C5B223-8D19-4D2F-B217-4E3226F6E135}
		{DA5C31B4-7E71-449E-A287-BC169598A532} = {93C5B223-8D19-4D2F-B217-4E3226F6E135}
		{F3A93713-190C-42A4-AB8B-FBD4CDBA65ED} = {93C5B223-8D19-4D2F-B217-4E3226F6E135}
		{39072001-95B7-436C-8516-2C529DF73E9E} = {93C5B223-8D19-4D2F-B217-4E3226F6E135}
		{9342882B-3D9F-4E25-83AB-9522444B85AA} = {D9F7A96F-B8CA-45E4-BED2-66DA2D841C27}
		{1DE037BB-C957-4760-B707-509BE7AF9F72} = {D9F7A96F-B8CA-45E4-BED2-66DA2D841C27}
		{7C9BF631-0086-4A3B-8888-A24A89E26734} = {D9F7A96F-B8CA-45E4-BED2-66DA2D841C27}
		{72B680F2-0573-459D-8196-DAC5D271FE78} = {D9F7A96F-B8CA-45E4-BED2-66DA2D841C27}
		{D790E42B-890E-4D90-9CA1-3971D52D9256} = {5E77AFD0-7647-41F5-B615-7FD05C058310}
		{BE51DB57-B6D6-4DFB-A98B-C3D1267FE79A} = {5E77AFD0-7647-41F5-B615-7FD05C058310}
		{C3FE9D3A-27A1-411C-8A28-254A84A0E760} = {5E77AFD0-7647-41F5-B615-7FD05C058310}
		{AE4E2B3E-EF37-4D70-B7EA-2D03F3577392} = {5E77AFD0-7647-41F5-B615-7FD05C058310}
	EndGlobalSection
EndGlobal
