
Microsoft Visual Studio Solution File, Format Version 12.00
Project("{FAE04EC0-301F-11D3-BF4B-00C04F79EFBC}") = "Template.Domain", "Template.Domain\Template.Domain.csproj", "{A320345C-74D4-40D4-BD09-18ADA66D05E6}"
EndProject
Project("{FAE04EC0-301F-11D3-BF4B-00C04F79EFBC}") = "Template.Application", "Template.Application\Template.Application.csproj", "{ADCA3570-E3D5-4411-8772-ADFCA4219F01}"
EndProject
Project("{FAE04EC0-301F-11D3-BF4B-00C04F79EFBC}") = "Template.Infrastructure", "Template.Infrastructure\Template.Infrastructure.csproj", "{DD5DAE98-CED0-43BD-BDAA-51F6A5901855}"
EndProject
Project("{FAE04EC0-301F-11D3-BF4B-00C04F79EFBC}") = "Template.Web", "Template.Web\Template.Web.csproj", "{37FC0B57-8051-4F02-9A9A-D751DDB69F99}"
EndProject
Project("{FAE04EC0-301F-11D3-BF4B-00C04F79EFBC}") = "Template.Startup", "Template.Startup\Template.Startup.csproj", "{16B8E4EC-B95B-4E3D-8AE2-078DFF6160B5}"
EndProject
Global
	GlobalSection(SolutionConfigurationPlatforms) = preSolution
		Debug|Any CPU = Debug|Any CPU
		Release|Any CPU = Release|Any CPU
	EndGlobalSection
	GlobalSection(ProjectConfigurationPlatforms) = postSolution
		{A320345C-74D4-40D4-BD09-18ADA66D05E6}.Debug|Any CPU.ActiveCfg = Debug|Any CPU
		{A320345C-74D4-40D4-BD09-18ADA66D05E6}.Debug|Any CPU.Build.0 = Debug|Any CPU
		{A320345C-74D4-40D4-BD09-18ADA66D05E6}.Release|Any CPU.ActiveCfg = Release|Any CPU
		{A320345C-74D4-40D4-BD09-18ADA66D05E6}.Release|Any CPU.Build.0 = Release|Any CPU
		{ADCA3570-E3D5-4411-8772-ADFCA4219F01}.Debug|Any CPU.ActiveCfg = Debug|Any CPU
		{ADCA3570-E3D5-4411-8772-ADFCA4219F01}.Debug|Any CPU.Build.0 = Debug|Any CPU
		{ADCA3570-E3D5-4411-8772-ADFCA4219F01}.Release|Any CPU.ActiveCfg = Release|Any CPU
		{ADCA3570-E3D5-4411-8772-ADFCA4219F01}.Release|Any CPU.Build.0 = Release|Any CPU
		{DD5DAE98-CED0-43BD-BDAA-51F6A5901855}.Debug|Any CPU.ActiveCfg = Debug|Any CPU
		{DD5DAE98-CED0-43BD-BDAA-51F6A5901855}.Debug|Any CPU.Build.0 = Debug|Any CPU
		{DD5DAE98-CED0-43BD-BDAA-51F6A5901855}.Release|Any CPU.ActiveCfg = Release|Any CPU
		{DD5DAE98-CED0-43BD-BDAA-51F6A5901855}.Release|Any CPU.Build.0 = Release|Any CPU
		{37FC0B57-8051-4F02-9A9A-D751DDB69F99}.Debug|Any CPU.ActiveCfg = Debug|Any CPU
		{37FC0B57-8051-4F02-9A9A-D751DDB69F99}.Debug|Any CPU.Build.0 = Debug|Any CPU
		{37FC0B57-8051-4F02-9A9A-D751DDB69F99}.Release|Any CPU.ActiveCfg = Release|Any CPU
		{37FC0B57-8051-4F02-9A9A-D751DDB69F99}.Release|Any CPU.Build.0 = Release|Any CPU
		{16B8E4EC-B95B-4E3D-8AE2-078DFF6160B5}.Debug|Any CPU.ActiveCfg = Debug|Any CPU
		{16B8E4EC-B95B-4E3D-8AE2-078DFF6160B5}.Debug|Any CPU.Build.0 = Debug|Any CPU
		{16B8E4EC-B95B-4E3D-8AE2-078DFF6160B5}.Release|Any CPU.ActiveCfg = Release|Any CPU
		{16B8E4EC-B95B-4E3D-8AE2-078DFF6160B5}.Release|Any CPU.Build.0 = Release|Any CPU
	EndGlobalSection
EndGlobal
